github.com/KnightHacks/knighthacks_shared v0.0.0-20221123184357-0f1e8db71c48 h1:wOt+RSnfUgSE8YdASFpIgOMNnCChzHa6Iz/3iyN8NUo=
github.com/KnightHacks/knighthacks_shared v0.0.0-20221123184357-0f1e8db71c48/go.mod h1:CoTeIUwu66fDN5b6Ib6aioECv5Cib7KVPEdrY4jL0g4=
github.com/KnightHacks/knighthacks_shared v0.0.0-20221219025346-316c1bc4391e h1:RxHHItsOM6AKcTlrHffnIeAGajFb+Q3O3zUcsog7Ozw=
github.com/KnightHacks/knighthacks_shared v0.0.0-20221219025346-316c1bc4391e/go.mod h1:+7QGGlLD1/Z4JSvY5zdvEaPqF3dW+CYgEVj6iKojLoE=
github.com/KnightHacks/knighthacks_shared v0.0.0-20230816214951-c7541c0f3f94 h1:wnjHO9WvuXNqRlyBHWk7cbdv7GZOQjdn6blcUnihiqU=
github.com/KnightHacks/knighthacks_shared v0.0.0-20230816214951-c7541c0f3f94/go.mod h1:n+KoIc/WSWR5bhX2gDqyiwmNA6V7z2Gxs8teq7C/eBQ=
github.com/cpuguy83/go-md2man/v2 v2.0.2 h1:p1EgwI/C7NhT0JmVkwCD2ZBK8j4aeHQX2pMHHBfMQ6w=
github.com/cpuguy83/go-md2man/v2 v2.0.2/go.mod h1:tgQtvFlXSQOSOSIRvRPT7W67SCa46tRHOmNcaadrF8o=
github.com/pkg/browser v0.0.0-20210911075715-681adbf594b8 h1:KoWmjvw+nsYOo29YJK9vDA65RGE3NrOnUtO7a+RF9HU=
github.com/pkg/browser v0.0.0-20210911075715-681adbf594b8/go.mod h1:HKlIX3XHQyzLZPlr7++PzdhaXEj94dEiJgZDTsxEqUI=
github.com/russross/blackfriday/v2 v2.1.0 h1:JIOH55/0cWyOuilr9/qlrm0BSXldqnqwMsf35Ld67mk=
github.com/russross/blackfriday/v2 v2.1.0/go.mod h1:+Rmxgy9KzJVeS9/2gXHxylqXiyQDYRxCVz55jmeOWTM=
github.com/urfave/cli/v2 v2.25.3 h1:VJkt6wvEBOoSjPFQvOkv6iWIrsJyCrKGtCtxXWwmGeY=
github.com/urfave/cli/v2 v2.25.3/go.mod h1:GHupkWPMM0M/sj1a2b4wUrWBPzazNrIjouW6fmdJLxc=
github.com/xrash/smetrics v0.0.0-20201216005158-039620a65673 h1:bAn7/zixMGCfxrRTfdpNzjtPYqr8smhKouy9mxVdGPU=
github.com/xrash/smetrics v0.0.0-20201216005158-039620a65673/go.mod h1:N3UwUGtsrSj3ccvlPHLoLsHnpR27oXr4ZE984MbSER8=
golang.org/x/sys v0.0.0-20210616045830-e2b7044e8c71/go.mod h1:oPkhp1MJrh7nUepCBck5+mAzfO9JrbApNNgaTdGDITg=
golang.org/x/sys v0.8.0 h1:EBmGv8NaZBZTWvrbjNoL6HVt+IVy3QDQpJs7VRIw3tU=
golang.org/x/sys v0.8.0/go.mod h1:oPkhp1MJrh7nUepCBck5+mAzfO9JrbApNNgaTdGDITg=
